
Microsoft Visual Studio Solution File, Format Version 12.00
# Visual Studio 15
VisualStudioVersion = 15.0.28307.329
MinimumVisualStudioVersion = 10.0.40219.1
Project("{FAE04EC0-301F-11D3-BF4B-00C04F79EFBC}") = "HW1PizzaPalace", "HW1PizzaPalace\HW1PizzaPalace.csproj", "{11A5E4F6-4B41-4A85-80AE-FF18975761C9}"
EndProject
Global
	GlobalSection(SolutionConfigurationPlatforms) = preSolution
		Debug|Any CPU = Debug|Any CPU
		Release|Any CPU = Release|Any CPU
	EndGlobalSection
	GlobalSection(ProjectConfigurationPlatforms) = postSolution
		{11A5E4F6-4B41-4A85-80AE-FF18975761C9}.Debug|Any CPU.ActiveCfg = Debug|Any CPU
		{11A5E4F6-4B41-4A85-80AE-FF18975761C9}.Debug|Any CPU.Build.0 = Debug|Any CPU
		{11A5E4F6-4B41-4A85-80AE-FF18975761C9}.Release|Any CPU.ActiveCfg = Release|Any CPU
		{11A5E4F6-4B41-4A85-80AE-FF18975761C9}.Release|Any CPU.Build.0 = Release|Any CPU
	EndGlobalSection
	GlobalSection(SolutionProperties) = preSolution
		HideSolutionNode = FALSE
	EndGlobalSection
	GlobalSection(ExtensibilityGlobals) = postSolution
		SolutionGuid = {19CE79EB-76CB-4918-8B14-5EA34B29ECAF}
	EndGlobalSection
EndGlobal
